
Microsoft Visual Studio Solution File, Format Version 12.00
# Visual Studio Version 17
VisualStudioVersion = 17.14.36518.9 d17.14
MinimumVisualStudioVersion = 10.0.40219.1
Project("{FAE04EC0-301F-11D3-BF4B-00C04F79EFBC}") = "SpeechToTextDemo", "SpeechToTextDemo\SpeechToTextDemo.csproj", "{08E65167-E1D8-4579-A470-CA90497F12AA}"
EndProject
Global
	GlobalSection(SolutionConfigurationPlatforms) = preSolution
		Debug|Any CPU = Debug|Any CPU
		Release|Any CPU = Release|Any CPU
	EndGlobalSection
	GlobalSection(ProjectConfigurationPlatforms) = postSolution
		{08E65167-E1D8-4579-A470-CA90497F12AA}.Debug|Any CPU.ActiveCfg = Debug|Any CPU
		{08E65167-E1D8-4579-A470-CA90497F12AA}.Debug|Any CPU.Build.0 = Debug|Any CPU
		{08E65167-E1D8-4579-A470-CA90497F12AA}.Release|Any CPU.ActiveCfg = Release|Any CPU
		{08E65167-E1D8-4579-A470-CA90497F12AA}.Release|Any CPU.Build.0 = Release|Any CPU
	EndGlobalSection
	GlobalSection(SolutionProperties) = preSolution
		HideSolutionNode = FALSE
	EndGlobalSection
	GlobalSection(ExtensibilityGlobals) = postSolution
		SolutionGuid = {599C0363-2226-4336-9EAA-2397B94E4DC9}
	EndGlobalSection
EndGlobal
